
Microsoft Visual Studio Solution File, Format Version 12.00
# Visual Studio Version 16
VisualStudioVersion = 16.0.28803.352
MinimumVisualStudioVersion = 10.0.40219.1
Project("{9A19103F-16F7-4668-BE54-9A1E7A4F7556}") = "ParseTree", "ParseTree\ParseTree.csproj", "{06B90DEF-48D1-48B8-B779-814BF600FE19}"
EndProject
Project("{FAE04EC0-301F-11D3-BF4B-00C04F79EFBC}") = "ParseTreeTests", "ParseTreeTests\ParseTreeTests.csproj", "{43F24AA6-8F63-4925-B2C3-64051BFD4B89}"
EndProject
Global
	GlobalSection(SolutionConfigurationPlatforms) = preSolution
		Debug|Any CPU = Debug|Any CPU
		Release|Any CPU = Release|Any CPU
	EndGlobalSection
	GlobalSection(ProjectConfigurationPlatforms) = postSolution
		{06B90DEF-48D1-48B8-B779-814BF600FE19}.Debug|Any CPU.ActiveCfg = Debug|Any CPU
		{06B90DEF-48D1-48B8-B779-814BF600FE19}.Debug|Any CPU.Build.0 = Debug|Any CPU
		{06B90DEF-48D1-48B8-B779-814BF600FE19}.Release|Any CPU.ActiveCfg = Release|Any CPU
		{06B90DEF-48D1-48B8-B779-814BF600FE19}.Release|Any CPU.Build.0 = Release|Any CPU
		{43F24AA6-8F63-4925-B2C3-64051BFD4B89}.Debug|Any CPU.ActiveCfg = Debug|Any CPU
		{43F24AA6-8F63-4925-B2C3-64051BFD4B89}.Debug|Any CPU.Build.0 = Debug|Any CPU
		{43F24AA6-8F63-4925-B2C3-64051BFD4B89}.Release|Any CPU.ActiveCfg = Release|Any CPU
		{43F24AA6-8F63-4925-B2C3-64051BFD4B89}.Release|Any CPU.Build.0 = Release|Any CPU
	EndGlobalSection
	GlobalSection(SolutionProperties) = preSolution
		HideSolutionNode = FALSE
	EndGlobalSection
	GlobalSection(ExtensibilityGlobals) = postSolution
		SolutionGuid = {ACE978FC-1909-4950-81F8-122F0BA04982}
	EndGlobalSection
EndGlobal
