
Microsoft Visual Studio Solution File, Format Version 12.00
# Visual Studio Version 16
VisualStudioVersion = 16.0.28803.202
MinimumVisualStudioVersion = 10.0.40219.1
Project("{9A19103F-16F7-4668-BE54-9A1E7A4F7556}") = "ListGeneric", "ListGeneric\ListGeneric.csproj", "{EE93D970-7E25-42DC-9861-EAC200DD8860}"
EndProject
Project("{FAE04EC0-301F-11D3-BF4B-00C04F79EFBC}") = "List.Tests", "List.Tests\List.Tests.csproj", "{53E94CDA-08AF-4BCB-99C5-9A8F21635B4C}"
EndProject
Global
	GlobalSection(SolutionConfigurationPlatforms) = preSolution
		Debug|Any CPU = Debug|Any CPU
		Release|Any CPU = Release|Any CPU
	EndGlobalSection
	GlobalSection(ProjectConfigurationPlatforms) = postSolution
		{EE93D970-7E25-42DC-9861-EAC200DD8860}.Debug|Any CPU.ActiveCfg = Debug|Any CPU
		{EE93D970-7E25-42DC-9861-EAC200DD8860}.Debug|Any CPU.Build.0 = Debug|Any CPU
		{EE93D970-7E25-42DC-9861-EAC200DD8860}.Release|Any CPU.ActiveCfg = Release|Any CPU
		{EE93D970-7E25-42DC-9861-EAC200DD8860}.Release|Any CPU.Build.0 = Release|Any CPU
		{53E94CDA-08AF-4BCB-99C5-9A8F21635B4C}.Debug|Any CPU.ActiveCfg = Debug|Any CPU
		{53E94CDA-08AF-4BCB-99C5-9A8F21635B4C}.Debug|Any CPU.Build.0 = Debug|Any CPU
		{53E94CDA-08AF-4BCB-99C5-9A8F21635B4C}.Release|Any CPU.ActiveCfg = Release|Any CPU
		{53E94CDA-08AF-4BCB-99C5-9A8F21635B4C}.Release|Any CPU.Build.0 = Release|Any CPU
	EndGlobalSection
	GlobalSection(SolutionProperties) = preSolution
		HideSolutionNode = FALSE
	EndGlobalSection
	GlobalSection(ExtensibilityGlobals) = postSolution
		SolutionGuid = {0FF2B2FB-012D-48B7-82D2-8468DA4145D6}
	EndGlobalSection
EndGlobal
