
Microsoft Visual Studio Solution File, Format Version 12.00
# Visual Studio 15
VisualStudioVersion = 15.0.28307.168
MinimumVisualStudioVersion = 10.0.40219.1
Project("{FAE04EC0-301F-11D3-BF4B-00C04F79EFBC}") = "StackBasedCalculator", "StackBasedCalculator\StackBasedCalculator.csproj", "{7135283F-154A-4AC5-AA5E-55221E1EF80F}"
EndProject
Project("{FAE04EC0-301F-11D3-BF4B-00C04F79EFBC}") = "StackBasedCalculator.Tests", "MyStackOnArray.Tests\StackBasedCalculator.Tests.csproj", "{B35A4D9C-091E-42CD-ACF4-64CD1E4649F1}"
EndProject
Global
	GlobalSection(SolutionConfigurationPlatforms) = preSolution
		Debug|Any CPU = Debug|Any CPU
		Release|Any CPU = Release|Any CPU
	EndGlobalSection
	GlobalSection(ProjectConfigurationPlatforms) = postSolution
		{7135283F-154A-4AC5-AA5E-55221E1EF80F}.Debug|Any CPU.ActiveCfg = Debug|Any CPU
		{7135283F-154A-4AC5-AA5E-55221E1EF80F}.Debug|Any CPU.Build.0 = Debug|Any CPU
		{7135283F-154A-4AC5-AA5E-55221E1EF80F}.Release|Any CPU.ActiveCfg = Release|Any CPU
		{7135283F-154A-4AC5-AA5E-55221E1EF80F}.Release|Any CPU.Build.0 = Release|Any CPU
		{B35A4D9C-091E-42CD-ACF4-64CD1E4649F1}.Debug|Any CPU.ActiveCfg = Debug|Any CPU
		{B35A4D9C-091E-42CD-ACF4-64CD1E4649F1}.Debug|Any CPU.Build.0 = Debug|Any CPU
		{B35A4D9C-091E-42CD-ACF4-64CD1E4649F1}.Release|Any CPU.ActiveCfg = Release|Any CPU
		{B35A4D9C-091E-42CD-ACF4-64CD1E4649F1}.Release|Any CPU.Build.0 = Release|Any CPU
	EndGlobalSection
	GlobalSection(SolutionProperties) = preSolution
		HideSolutionNode = FALSE
	EndGlobalSection
	GlobalSection(ExtensibilityGlobals) = postSolution
		SolutionGuid = {445E98E3-3133-41D9-A1A1-933848810939}
	EndGlobalSection
EndGlobal
