
Microsoft Visual Studio Solution File, Format Version 12.00
# Visual Studio 15
VisualStudioVersion = 15.0.28307.168
MinimumVisualStudioVersion = 10.0.40219.1
Project("{FAE04EC0-301F-11D3-BF4B-00C04F79EFBC}") = "factorial_and_fibonacci", "factorial_and_fibonacci\factorial_and_fibonacci.csproj", "{2D327D2C-8DD1-42CF-A099-402F0B6C1322}"
EndProject
Global
	GlobalSection(SolutionConfigurationPlatforms) = preSolution
		Debug|Any CPU = Debug|Any CPU
		Release|Any CPU = Release|Any CPU
	EndGlobalSection
	GlobalSection(ProjectConfigurationPlatforms) = postSolution
		{2D327D2C-8DD1-42CF-A099-402F0B6C1322}.Debug|Any CPU.ActiveCfg = Debug|Any CPU
		{2D327D2C-8DD1-42CF-A099-402F0B6C1322}.Debug|Any CPU.Build.0 = Debug|Any CPU
		{2D327D2C-8DD1-42CF-A099-402F0B6C1322}.Release|Any CPU.ActiveCfg = Release|Any CPU
		{2D327D2C-8DD1-42CF-A099-402F0B6C1322}.Release|Any CPU.Build.0 = Release|Any CPU
	EndGlobalSection
	GlobalSection(SolutionProperties) = preSolution
		HideSolutionNode = FALSE
	EndGlobalSection
	GlobalSection(ExtensibilityGlobals) = postSolution
		SolutionGuid = {40EF4A7F-9EEF-4765-8859-D49ECBC5BED4}
	EndGlobalSection
EndGlobal
