
Microsoft Visual Studio Solution File, Format Version 12.00
# Visual Studio Version 16
VisualStudioVersion = 16.0.28803.352
MinimumVisualStudioVersion = 10.0.40219.1
Project("{FAE04EC0-301F-11D3-BF4B-00C04F79EFBC}") = "FinalTest", "FinalTest\FinalTest.csproj", "{E344106B-D631-4783-9516-3170DE68F239}"
EndProject
Project("{FAE04EC0-301F-11D3-BF4B-00C04F79EFBC}") = "FinalTestTests", "FinalTestTests\FinalTestTests.csproj", "{17162312-4C96-4BDE-9F7F-303DE05365E7}"
EndProject
Global
	GlobalSection(SolutionConfigurationPlatforms) = preSolution
		Debug|Any CPU = Debug|Any CPU
		Release|Any CPU = Release|Any CPU
	EndGlobalSection
	GlobalSection(ProjectConfigurationPlatforms) = postSolution
		{E344106B-D631-4783-9516-3170DE68F239}.Debug|Any CPU.ActiveCfg = Debug|Any CPU
		{E344106B-D631-4783-9516-3170DE68F239}.Debug|Any CPU.Build.0 = Debug|Any CPU
		{E344106B-D631-4783-9516-3170DE68F239}.Release|Any CPU.ActiveCfg = Release|Any CPU
		{E344106B-D631-4783-9516-3170DE68F239}.Release|Any CPU.Build.0 = Release|Any CPU
		{17162312-4C96-4BDE-9F7F-303DE05365E7}.Debug|Any CPU.ActiveCfg = Debug|Any CPU
		{17162312-4C96-4BDE-9F7F-303DE05365E7}.Debug|Any CPU.Build.0 = Debug|Any CPU
		{17162312-4C96-4BDE-9F7F-303DE05365E7}.Release|Any CPU.ActiveCfg = Release|Any CPU
		{17162312-4C96-4BDE-9F7F-303DE05365E7}.Release|Any CPU.Build.0 = Release|Any CPU
	EndGlobalSection
	GlobalSection(SolutionProperties) = preSolution
		HideSolutionNode = FALSE
	EndGlobalSection
	GlobalSection(ExtensibilityGlobals) = postSolution
		SolutionGuid = {6C78982C-4E7D-4A94-B092-BBFE3290108F}
	EndGlobalSection
EndGlobal
