
Microsoft Visual Studio Solution File, Format Version 12.00
# Visual Studio 15
VisualStudioVersion = 15.0.28307.168
MinimumVisualStudioVersion = 10.0.40219.1
Project("{FAE04EC0-301F-11D3-BF4B-00C04F79EFBC}") = "Sort", "Sort\Sort.csproj", "{AA7E836B-32B0-43DD-9FA9-E5DF5D1D999E}"
EndProject
Global
	GlobalSection(SolutionConfigurationPlatforms) = preSolution
		Debug|Any CPU = Debug|Any CPU
		Release|Any CPU = Release|Any CPU
	EndGlobalSection
	GlobalSection(ProjectConfigurationPlatforms) = postSolution
		{AA7E836B-32B0-43DD-9FA9-E5DF5D1D999E}.Debug|Any CPU.ActiveCfg = Debug|Any CPU
		{AA7E836B-32B0-43DD-9FA9-E5DF5D1D999E}.Debug|Any CPU.Build.0 = Debug|Any CPU
		{AA7E836B-32B0-43DD-9FA9-E5DF5D1D999E}.Release|Any CPU.ActiveCfg = Release|Any CPU
		{AA7E836B-32B0-43DD-9FA9-E5DF5D1D999E}.Release|Any CPU.Build.0 = Release|Any CPU
	EndGlobalSection
	GlobalSection(SolutionProperties) = preSolution
		HideSolutionNode = FALSE
	EndGlobalSection
	GlobalSection(ExtensibilityGlobals) = postSolution
		SolutionGuid = {EE725C32-E9AB-4608-9FDD-B6AA57635A05}
	EndGlobalSection
EndGlobal
