
Microsoft Visual Studio Solution File, Format Version 12.00
# Visual Studio 15
VisualStudioVersion = 15.0.28307.168
MinimumVisualStudioVersion = 10.0.40219.1
Project("{FAE04EC0-301F-11D3-BF4B-00C04F79EFBC}") = "HashTable", "HashTable\HashTable.csproj", "{4D54CEDA-B70F-4886-BCAB-1BF7C1AFDC97}"
EndProject
Project("{FAE04EC0-301F-11D3-BF4B-00C04F79EFBC}") = "HashTable.Tests", "HashTable.Tests\HashTable.Tests.csproj", "{0BE77EDF-53ED-4361-B9E5-3B49F8556746}"
EndProject
Global
	GlobalSection(SolutionConfigurationPlatforms) = preSolution
		Debug|Any CPU = Debug|Any CPU
		Release|Any CPU = Release|Any CPU
	EndGlobalSection
	GlobalSection(ProjectConfigurationPlatforms) = postSolution
		{4D54CEDA-B70F-4886-BCAB-1BF7C1AFDC97}.Debug|Any CPU.ActiveCfg = Debug|Any CPU
		{4D54CEDA-B70F-4886-BCAB-1BF7C1AFDC97}.Debug|Any CPU.Build.0 = Debug|Any CPU
		{4D54CEDA-B70F-4886-BCAB-1BF7C1AFDC97}.Release|Any CPU.ActiveCfg = Release|Any CPU
		{4D54CEDA-B70F-4886-BCAB-1BF7C1AFDC97}.Release|Any CPU.Build.0 = Release|Any CPU
		{0BE77EDF-53ED-4361-B9E5-3B49F8556746}.Debug|Any CPU.ActiveCfg = Debug|Any CPU
		{0BE77EDF-53ED-4361-B9E5-3B49F8556746}.Debug|Any CPU.Build.0 = Debug|Any CPU
		{0BE77EDF-53ED-4361-B9E5-3B49F8556746}.Release|Any CPU.ActiveCfg = Release|Any CPU
		{0BE77EDF-53ED-4361-B9E5-3B49F8556746}.Release|Any CPU.Build.0 = Release|Any CPU
	EndGlobalSection
	GlobalSection(SolutionProperties) = preSolution
		HideSolutionNode = FALSE
	EndGlobalSection
	GlobalSection(ExtensibilityGlobals) = postSolution
		SolutionGuid = {C89FAD3D-9C25-4C4D-BA03-345106C10B61}
	EndGlobalSection
EndGlobal
