
Microsoft Visual Studio Solution File, Format Version 12.00
# Visual Studio Version 16
VisualStudioVersion = 16.0.28803.202
MinimumVisualStudioVersion = 10.0.40219.1
Project("{FAE04EC0-301F-11D3-BF4B-00C04F79EFBC}") = "HashTableHashFunctionCanBeChanged", "HashTableHashFunctionCanBeChanged\HashTableHashFunctionCanBeChanged.csproj", "{D3F72A62-7B24-4125-9017-18E685159970}"
EndProject
Global
	GlobalSection(SolutionConfigurationPlatforms) = preSolution
		Debug|Any CPU = Debug|Any CPU
		Release|Any CPU = Release|Any CPU
	EndGlobalSection
	GlobalSection(ProjectConfigurationPlatforms) = postSolution
		{D3F72A62-7B24-4125-9017-18E685159970}.Debug|Any CPU.ActiveCfg = Debug|Any CPU
		{D3F72A62-7B24-4125-9017-18E685159970}.Debug|Any CPU.Build.0 = Debug|Any CPU
		{D3F72A62-7B24-4125-9017-18E685159970}.Release|Any CPU.ActiveCfg = Release|Any CPU
		{D3F72A62-7B24-4125-9017-18E685159970}.Release|Any CPU.Build.0 = Release|Any CPU
	EndGlobalSection
	GlobalSection(SolutionProperties) = preSolution
		HideSolutionNode = FALSE
	EndGlobalSection
	GlobalSection(ExtensibilityGlobals) = postSolution
		SolutionGuid = {7601F93A-85CF-4801-8668-4034B941B5AE}
	EndGlobalSection
EndGlobal
