
Microsoft Visual Studio Solution File, Format Version 12.00
# Visual Studio 15
VisualStudioVersion = 15.0.28307.168
MinimumVisualStudioVersion = 10.0.40219.1
Project("{FAE04EC0-301F-11D3-BF4B-00C04F79EFBC}") = "List", "List\List.csproj", "{ABE43546-C6B7-4B20-9FB6-10FFA86EBFE5}"
EndProject
Project("{FAE04EC0-301F-11D3-BF4B-00C04F79EFBC}") = "List.Tests", "List.Tests\List.Tests.csproj", "{06EE3472-C6FB-4BEA-AC55-DE311C3CFFA6}"
EndProject
Global
	GlobalSection(SolutionConfigurationPlatforms) = preSolution
		Debug|Any CPU = Debug|Any CPU
		Release|Any CPU = Release|Any CPU
	EndGlobalSection
	GlobalSection(ProjectConfigurationPlatforms) = postSolution
		{ABE43546-C6B7-4B20-9FB6-10FFA86EBFE5}.Debug|Any CPU.ActiveCfg = Debug|Any CPU
		{ABE43546-C6B7-4B20-9FB6-10FFA86EBFE5}.Debug|Any CPU.Build.0 = Debug|Any CPU
		{ABE43546-C6B7-4B20-9FB6-10FFA86EBFE5}.Release|Any CPU.ActiveCfg = Release|Any CPU
		{ABE43546-C6B7-4B20-9FB6-10FFA86EBFE5}.Release|Any CPU.Build.0 = Release|Any CPU
		{06EE3472-C6FB-4BEA-AC55-DE311C3CFFA6}.Debug|Any CPU.ActiveCfg = Debug|Any CPU
		{06EE3472-C6FB-4BEA-AC55-DE311C3CFFA6}.Debug|Any CPU.Build.0 = Debug|Any CPU
		{06EE3472-C6FB-4BEA-AC55-DE311C3CFFA6}.Release|Any CPU.ActiveCfg = Release|Any CPU
		{06EE3472-C6FB-4BEA-AC55-DE311C3CFFA6}.Release|Any CPU.Build.0 = Release|Any CPU
	EndGlobalSection
	GlobalSection(SolutionProperties) = preSolution
		HideSolutionNode = FALSE
	EndGlobalSection
	GlobalSection(ExtensibilityGlobals) = postSolution
		SolutionGuid = {C93A27A2-39DF-4279-B140-DE70977A3859}
	EndGlobalSection
EndGlobal
