
Microsoft Visual Studio Solution File, Format Version 12.00
# Visual Studio Version 16
VisualStudioVersion = 16.0.28803.352
MinimumVisualStudioVersion = 10.0.40219.1
Project("{FAE04EC0-301F-11D3-BF4B-00C04F79EFBC}") = "ConsoleGame", "ConsoleGame\ConsoleGame.csproj", "{59C4B811-CF47-4B89-AEF7-0DF816685356}"
EndProject
Project("{FAE04EC0-301F-11D3-BF4B-00C04F79EFBC}") = "ConsoleGameTests", "ConsoleGameTests\ConsoleGameTests.csproj", "{355800FF-F880-42CD-B040-E2C3850A613A}"
EndProject
Global
	GlobalSection(SolutionConfigurationPlatforms) = preSolution
		Debug|Any CPU = Debug|Any CPU
		Release|Any CPU = Release|Any CPU
	EndGlobalSection
	GlobalSection(ProjectConfigurationPlatforms) = postSolution
		{59C4B811-CF47-4B89-AEF7-0DF816685356}.Debug|Any CPU.ActiveCfg = Debug|Any CPU
		{59C4B811-CF47-4B89-AEF7-0DF816685356}.Debug|Any CPU.Build.0 = Debug|Any CPU
		{59C4B811-CF47-4B89-AEF7-0DF816685356}.Release|Any CPU.ActiveCfg = Release|Any CPU
		{59C4B811-CF47-4B89-AEF7-0DF816685356}.Release|Any CPU.Build.0 = Release|Any CPU
		{355800FF-F880-42CD-B040-E2C3850A613A}.Debug|Any CPU.ActiveCfg = Debug|Any CPU
		{355800FF-F880-42CD-B040-E2C3850A613A}.Debug|Any CPU.Build.0 = Debug|Any CPU
		{355800FF-F880-42CD-B040-E2C3850A613A}.Release|Any CPU.ActiveCfg = Release|Any CPU
		{355800FF-F880-42CD-B040-E2C3850A613A}.Release|Any CPU.Build.0 = Release|Any CPU
	EndGlobalSection
	GlobalSection(SolutionProperties) = preSolution
		HideSolutionNode = FALSE
	EndGlobalSection
	GlobalSection(ExtensibilityGlobals) = postSolution
		SolutionGuid = {1C5E1238-1009-42B5-9834-8741FB59699E}
	EndGlobalSection
EndGlobal
