
Microsoft Visual Studio Solution File, Format Version 12.00
# Visual Studio Version 16
VisualStudioVersion = 16.0.28803.352
MinimumVisualStudioVersion = 10.0.40219.1
Project("{FAE04EC0-301F-11D3-BF4B-00C04F79EFBC}") = "Clock", "Clock\Clock.csproj", "{310C2A45-3D13-47FF-9ACF-50B9607A41AF}"
EndProject
Global
	GlobalSection(SolutionConfigurationPlatforms) = preSolution
		Debug|Any CPU = Debug|Any CPU
		Release|Any CPU = Release|Any CPU
	EndGlobalSection
	GlobalSection(ProjectConfigurationPlatforms) = postSolution
		{310C2A45-3D13-47FF-9ACF-50B9607A41AF}.Debug|Any CPU.ActiveCfg = Debug|Any CPU
		{310C2A45-3D13-47FF-9ACF-50B9607A41AF}.Debug|Any CPU.Build.0 = Debug|Any CPU
		{310C2A45-3D13-47FF-9ACF-50B9607A41AF}.Release|Any CPU.ActiveCfg = Release|Any CPU
		{310C2A45-3D13-47FF-9ACF-50B9607A41AF}.Release|Any CPU.Build.0 = Release|Any CPU
	EndGlobalSection
	GlobalSection(SolutionProperties) = preSolution
		HideSolutionNode = FALSE
	EndGlobalSection
	GlobalSection(ExtensibilityGlobals) = postSolution
		SolutionGuid = {AD13F250-A695-4290-9AC7-4ADF0B38F578}
	EndGlobalSection
EndGlobal
