
Microsoft Visual Studio Solution File, Format Version 12.00
# Visual Studio Version 16
VisualStudioVersion = 16.0.28803.202
MinimumVisualStudioVersion = 10.0.40219.1
Project("{9A19103F-16F7-4668-BE54-9A1E7A4F7556}") = "SetGeneric", "SetGeneric\SetGeneric.csproj", "{5928F2AC-3C73-4449-A5D2-7056D24ABF11}"
EndProject
Project("{FAE04EC0-301F-11D3-BF4B-00C04F79EFBC}") = "SetGenericTests", "SetGenericTests\SetGenericTests.csproj", "{DA3B6452-404F-482F-9C16-0FAE54D55E58}"
EndProject
Global
	GlobalSection(SolutionConfigurationPlatforms) = preSolution
		Debug|Any CPU = Debug|Any CPU
		Release|Any CPU = Release|Any CPU
	EndGlobalSection
	GlobalSection(ProjectConfigurationPlatforms) = postSolution
		{5928F2AC-3C73-4449-A5D2-7056D24ABF11}.Debug|Any CPU.ActiveCfg = Debug|Any CPU
		{5928F2AC-3C73-4449-A5D2-7056D24ABF11}.Debug|Any CPU.Build.0 = Debug|Any CPU
		{5928F2AC-3C73-4449-A5D2-7056D24ABF11}.Release|Any CPU.ActiveCfg = Release|Any CPU
		{5928F2AC-3C73-4449-A5D2-7056D24ABF11}.Release|Any CPU.Build.0 = Release|Any CPU
		{DA3B6452-404F-482F-9C16-0FAE54D55E58}.Debug|Any CPU.ActiveCfg = Debug|Any CPU
		{DA3B6452-404F-482F-9C16-0FAE54D55E58}.Debug|Any CPU.Build.0 = Debug|Any CPU
		{DA3B6452-404F-482F-9C16-0FAE54D55E58}.Release|Any CPU.ActiveCfg = Release|Any CPU
		{DA3B6452-404F-482F-9C16-0FAE54D55E58}.Release|Any CPU.Build.0 = Release|Any CPU
	EndGlobalSection
	GlobalSection(SolutionProperties) = preSolution
		HideSolutionNode = FALSE
	EndGlobalSection
	GlobalSection(ExtensibilityGlobals) = postSolution
		SolutionGuid = {EFBC18DD-F799-4BE0-8511-2CC16E6F8820}
	EndGlobalSection
EndGlobal
